
Microsoft Visual Studio Solution File, Format Version 12.00
# Visual Studio Version 17
VisualStudioVersion = 17.11.35222.181
MinimumVisualStudioVersion = 10.0.40219.1
Project("{2150E333-8FDC-42A3-9474-1A3956D46DE8}") = "Core", "Core", "{69641CD0-8972-4215-A314-7B2277AA4A01}"
EndProject
Project("{FAE04EC0-301F-11D3-BF4B-00C04F79EFBC}") = "MyBlog.Domain", "Core\MyBlog.Domain\MyBlog.Domain.csproj", "{3663D993-ADF3-41C3-B909-2D601CE2742B}"
EndProject
Project("{FAE04EC0-301F-11D3-BF4B-00C04F79EFBC}") = "MyBlog.Application", "Core\MyBlog.Application\MyBlog.Application.csproj", "{D1D95782-A3C0-4A1E-A3AC-69D2A3C811B6}"
EndProject
Project("{2150E333-8FDC-42A3-9474-1A3956D46DE8}") = "Frontend", "Frontend", "{EB9158FE-EF06-4DDA-A63B-D2CD1AE6D1A3}"
EndProject
Project("{FAE04EC0-301F-11D3-BF4B-00C04F79EFBC}") = "MyBlog.WebUI", "Frontend\MyBlog.WebUI\MyBlog.WebUI.csproj", "{D3AA26C7-08B8-48E6-AD50-E39AC84A3A1D}"
EndProject
Project("{2150E333-8FDC-42A3-9474-1A3956D46DE8}") = "Infrastructure", "Infrastructure", "{20FAB7D9-AA67-44C9-BF62-BCA5A59B4B50}"
EndProject
Project("{FAE04EC0-301F-11D3-BF4B-00C04F79EFBC}") = "MyBlog.Persistence", "Infrastructure\MyBlog.Persistence\MyBlog.Persistence.csproj", "{7C5A806A-2504-4A2B-BDB5-1A47A770E554}"
EndProject
Project("{2150E333-8FDC-42A3-9474-1A3956D46DE8}") = "Presentation", "Presentation", "{53D65006-E01F-4064-85FC-3E8D211A9A9D}"
EndProject
Project("{FAE04EC0-301F-11D3-BF4B-00C04F79EFBC}") = "MyBlog.WebApi", "Presentation\MyBlog.WebApi\MyBlog.WebApi.csproj", "{2D781576-318A-4706-A449-1DB0624E1F09}"
EndProject
Global
	GlobalSection(SolutionConfigurationPlatforms) = preSolution
		Debug|Any CPU = Debug|Any CPU
		Release|Any CPU = Release|Any CPU
	EndGlobalSection
	GlobalSection(ProjectConfigurationPlatforms) = postSolution
		{3663D993-ADF3-41C3-B909-2D601CE2742B}.Debug|Any CPU.ActiveCfg = Debug|Any CPU
		{3663D993-ADF3-41C3-B909-2D601CE2742B}.Debug|Any CPU.Build.0 = Debug|Any CPU
		{3663D993-ADF3-41C3-B909-2D601CE2742B}.Release|Any CPU.ActiveCfg = Release|Any CPU
		{3663D993-ADF3-41C3-B909-2D601CE2742B}.Release|Any CPU.Build.0 = Release|Any CPU
		{D1D95782-A3C0-4A1E-A3AC-69D2A3C811B6}.Debug|Any CPU.ActiveCfg = Debug|Any CPU
		{D1D95782-A3C0-4A1E-A3AC-69D2A3C811B6}.Debug|Any CPU.Build.0 = Debug|Any CPU
		{D1D95782-A3C0-4A1E-A3AC-69D2A3C811B6}.Release|Any CPU.ActiveCfg = Release|Any CPU
		{D1D95782-A3C0-4A1E-A3AC-69D2A3C811B6}.Release|Any CPU.Build.0 = Release|Any CPU
		{D3AA26C7-08B8-48E6-AD50-E39AC84A3A1D}.Debug|Any CPU.ActiveCfg = Debug|Any CPU
		{D3AA26C7-08B8-48E6-AD50-E39AC84A3A1D}.Debug|Any CPU.Build.0 = Debug|Any CPU
		{D3AA26C7-08B8-48E6-AD50-E39AC84A3A1D}.Release|Any CPU.ActiveCfg = Release|Any CPU
		{D3AA26C7-08B8-48E6-AD50-E39AC84A3A1D}.Release|Any CPU.Build.0 = Release|Any CPU
		{7C5A806A-2504-4A2B-BDB5-1A47A770E554}.Debug|Any CPU.ActiveCfg = Debug|Any CPU
		{7C5A806A-2504-4A2B-BDB5-1A47A770E554}.Debug|Any CPU.Build.0 = Debug|Any CPU
		{7C5A806A-2504-4A2B-BDB5-1A47A770E554}.Release|Any CPU.ActiveCfg = Release|Any CPU
		{7C5A806A-2504-4A2B-BDB5-1A47A770E554}.Release|Any CPU.Build.0 = Release|Any CPU
		{2D781576-318A-4706-A449-1DB0624E1F09}.Debug|Any CPU.ActiveCfg = Debug|Any CPU
		{2D781576-318A-4706-A449-1DB0624E1F09}.Debug|Any CPU.Build.0 = Debug|Any CPU
		{2D781576-318A-4706-A449-1DB0624E1F09}.Release|Any CPU.ActiveCfg = Release|Any CPU
		{2D781576-318A-4706-A449-1DB0624E1F09}.Release|Any CPU.Build.0 = Release|Any CPU
	EndGlobalSection
	GlobalSection(SolutionProperties) = preSolution
		HideSolutionNode = FALSE
	EndGlobalSection
	GlobalSection(NestedProjects) = preSolution
		{3663D993-ADF3-41C3-B909-2D601CE2742B} = {69641CD0-8972-4215-A314-7B2277AA4A01}
		{D1D95782-A3C0-4A1E-A3AC-69D2A3C811B6} = {69641CD0-8972-4215-A314-7B2277AA4A01}
		{D3AA26C7-08B8-48E6-AD50-E39AC84A3A1D} = {EB9158FE-EF06-4DDA-A63B-D2CD1AE6D1A3}
		{7C5A806A-2504-4A2B-BDB5-1A47A770E554} = {20FAB7D9-AA67-44C9-BF62-BCA5A59B4B50}
		{2D781576-318A-4706-A449-1DB0624E1F09} = {53D65006-E01F-4064-85FC-3E8D211A9A9D}
	EndGlobalSection
	GlobalSection(ExtensibilityGlobals) = postSolution
		SolutionGuid = {19AE82B6-C2FE-492E-961B-78D222A2D768}
	EndGlobalSection
EndGlobal
